{
  "version": 4,
  "terraform_version": "1.12.2",
  "serial": 396,
  "lineage": "f8f2161d-3cb2-6911-ff8f-1b6ff3ed1345",
  "outputs": {},
  "resources": [
    {
      "mode": "managed",
      "type": "libvirt_domain",
      "name": "k8s-master",
      "provider": "provider[\"registry.terraform.io/dmacvicar/libvirt\"]",
      "instances": [
        {
          "index_key": 0,
          "schema_version": 0,
          "attributes": {
            "arch": "x86_64",
            "autostart": false,
            "boot_device": [],
            "cloudinit": null,
            "cmdline": [],
            "console": [],
            "coreos_ignition": null,
            "cpu": [
              {
                "mode": "custom"
              }
            ],
            "description": "",
            "disk": [
              {
                "block_device": "",
                "file": "/var/lib/libvirt/images/k8s-master-1.qcow2",
                "scsi": false,
                "url": "",
                "volume_id": "",
                "wwn": ""
              }
            ],
            "emulator": "/usr/bin/qemu-system-x86_64",
            "filesystem": [],
            "firmware": null,
            "fw_cfg_name": "opt/com.coreos/config",
            "graphics": [],
            "id": "31e487b6-628f-4862-aa08-83035e6f1c62",
            "initrd": "",
            "kernel": "",
            "machine": "q35",
            "memory": 3072,
            "metadata": null,
            "name": "k8s-master-1",
            "network_interface": [
              {
                "addresses": [],
                "bridge": "",
                "hostname": "k8s-master-1",
                "mac": "52:54:00:5A:79:03",
                "macvtap": "",
                "network_id": "33379a1c-ddb7-4d27-86bd-9fdfb728c4e6",
                "network_name": "default",
                "passthrough": "",
                "private": "",
                "vepa": "",
                "wait_for_lease": false
              }
            ],
            "nvram": [],
            "qemu_agent": false,
            "running": true,
            "timeouts": null,
            "tpm": [],
            "type": "kvm",
            "vcpu": 2,
            "video": [],
            "xml": [
              {
                "xslt": "    \u003cxsl:stylesheet version=\"1.0\"\n        xmlns:xsl=\"http://www.w3.org/1999/XSL/Transform\"\u003e\n      \u003cxsl:output method=\"xml\" indent=\"yes\"/\u003e\n      \u003c!-- Cambiamos type y machine --\u003e\n      \u003cxsl:template match=\"domain\"\u003e\n        \u003cxsl:copy\u003e\n          \u003cxsl:apply-templates select=\"@*\"/\u003e\n          \u003cxsl:attribute name=\"type\"\u003eqemu\u003c/xsl:attribute\u003e\n          \u003cxsl:apply-templates select=\"node()\"/\u003e\n        \u003c/xsl:copy\u003e\n      \u003c/xsl:template\u003e\n      \u003cxsl:template match=\"os/type\"\u003e\n        \u003cxsl:copy\u003e\n          \u003cxsl:attribute name=\"arch\"\u003ex86_64\u003c/xsl:attribute\u003e\n          \u003cxsl:attribute name=\"machine\"\u003epc-q35-6.2\u003c/xsl:attribute\u003e\n          \u003cxsl:value-of select=\".\"/\u003e\n        \u003c/xsl:copy\u003e\n      \u003c/xsl:template\u003e\n      \u003cxsl:template match=\"@*|node()\"\u003e\n        \u003cxsl:copy\u003e\n          \u003cxsl:apply-templates select=\"@*|node()\"/\u003e\n        \u003c/xsl:copy\u003e\n      \u003c/xsl:template\u003e\n    \u003c/xsl:stylesheet\u003e\n"
              }
            ]
          },
          "sensitive_attributes": [],
          "identity_schema_version": 0,
          "private": "eyJlMmJmYjczMC1lY2FhLTExZTYtOGY4OC0zNDM2M2JjN2M0YzAiOnsiY3JlYXRlIjozMDAwMDAwMDAwMDB9fQ=="
        },
        {
          "index_key": 1,
          "schema_version": 0,
          "attributes": {
            "arch": "x86_64",
            "autostart": false,
            "boot_device": [],
            "cloudinit": null,
            "cmdline": [],
            "console": [],
            "coreos_ignition": null,
            "cpu": [
              {
                "mode": "custom"
              }
            ],
            "description": "",
            "disk": [
              {
                "block_device": "",
                "file": "/var/lib/libvirt/images/k8s-master-2.qcow2",
                "scsi": false,
                "url": "",
                "volume_id": "",
                "wwn": ""
              }
            ],
            "emulator": "/usr/bin/qemu-system-x86_64",
            "filesystem": [],
            "firmware": null,
            "fw_cfg_name": "opt/com.coreos/config",
            "graphics": [],
            "id": "48b5c1f4-7e22-4d48-9567-a8377e40ea2e",
            "initrd": "",
            "kernel": "",
            "machine": "q35",
            "memory": 3072,
            "metadata": null,
            "name": "k8s-master-2",
            "network_interface": [
              {
                "addresses": [],
                "bridge": "",
                "hostname": "k8s-master-2",
                "mac": "52:54:00:C6:C2:E2",
                "macvtap": "",
                "network_id": "33379a1c-ddb7-4d27-86bd-9fdfb728c4e6",
                "network_name": "default",
                "passthrough": "",
                "private": "",
                "vepa": "",
                "wait_for_lease": false
              }
            ],
            "nvram": [],
            "qemu_agent": false,
            "running": true,
            "timeouts": null,
            "tpm": [],
            "type": "kvm",
            "vcpu": 2,
            "video": [],
            "xml": [
              {
                "xslt": "    \u003cxsl:stylesheet version=\"1.0\"\n        xmlns:xsl=\"http://www.w3.org/1999/XSL/Transform\"\u003e\n      \u003cxsl:output method=\"xml\" indent=\"yes\"/\u003e\n      \u003c!-- Cambiamos type y machine --\u003e\n      \u003cxsl:template match=\"domain\"\u003e\n        \u003cxsl:copy\u003e\n          \u003cxsl:apply-templates select=\"@*\"/\u003e\n          \u003cxsl:attribute name=\"type\"\u003eqemu\u003c/xsl:attribute\u003e\n          \u003cxsl:apply-templates select=\"node()\"/\u003e\n        \u003c/xsl:copy\u003e\n      \u003c/xsl:template\u003e\n      \u003cxsl:template match=\"os/type\"\u003e\n        \u003cxsl:copy\u003e\n          \u003cxsl:attribute name=\"arch\"\u003ex86_64\u003c/xsl:attribute\u003e\n          \u003cxsl:attribute name=\"machine\"\u003epc-q35-6.2\u003c/xsl:attribute\u003e\n          \u003cxsl:value-of select=\".\"/\u003e\n        \u003c/xsl:copy\u003e\n      \u003c/xsl:template\u003e\n      \u003cxsl:template match=\"@*|node()\"\u003e\n        \u003cxsl:copy\u003e\n          \u003cxsl:apply-templates select=\"@*|node()\"/\u003e\n        \u003c/xsl:copy\u003e\n      \u003c/xsl:template\u003e\n    \u003c/xsl:stylesheet\u003e\n"
              }
            ]
          },
          "sensitive_attributes": [],
          "identity_schema_version": 0,
          "private": "eyJlMmJmYjczMC1lY2FhLTExZTYtOGY4OC0zNDM2M2JjN2M0YzAiOnsiY3JlYXRlIjozMDAwMDAwMDAwMDB9fQ=="
        }
      ]
    },
    {
      "mode": "managed",
      "type": "libvirt_domain",
      "name": "k8s-node",
      "provider": "provider[\"registry.terraform.io/dmacvicar/libvirt\"]",
      "instances": [
        {
          "index_key": 0,
          "schema_version": 0,
          "attributes": {
            "arch": "x86_64",
            "autostart": false,
            "boot_device": [],
            "cloudinit": null,
            "cmdline": [],
            "console": [],
            "coreos_ignition": null,
            "cpu": [
              {
                "mode": "custom"
              }
            ],
            "description": "",
            "disk": [
              {
                "block_device": "",
                "file": "/var/lib/libvirt/images/k8s-node-1.qcow2",
                "scsi": false,
                "url": "",
                "volume_id": "",
                "wwn": ""
              }
            ],
            "emulator": "/usr/bin/qemu-system-x86_64",
            "filesystem": [],
            "firmware": null,
            "fw_cfg_name": "opt/com.coreos/config",
            "graphics": [],
            "id": "997c268e-c09e-4e48-9b18-1851c933d8b9",
            "initrd": "",
            "kernel": "",
            "machine": "q35",
            "memory": 3072,
            "metadata": null,
            "name": "k8s-node-1",
            "network_interface": [
              {
                "addresses": [],
                "bridge": "",
                "hostname": "k8s-node-1",
                "mac": "52:54:00:16:A0:DE",
                "macvtap": "",
                "network_id": "33379a1c-ddb7-4d27-86bd-9fdfb728c4e6",
                "network_name": "default",
                "passthrough": "",
                "private": "",
                "vepa": "",
                "wait_for_lease": false
              }
            ],
            "nvram": [],
            "qemu_agent": false,
            "running": true,
            "timeouts": null,
            "tpm": [],
            "type": "kvm",
            "vcpu": 2,
            "video": [],
            "xml": [
              {
                "xslt": "    \u003cxsl:stylesheet version=\"1.0\"\n        xmlns:xsl=\"http://www.w3.org/1999/XSL/Transform\"\u003e\n      \u003cxsl:output method=\"xml\" indent=\"yes\"/\u003e\n      \u003c!-- Cambiamos type y machine --\u003e\n      \u003cxsl:template match=\"domain\"\u003e\n        \u003cxsl:copy\u003e\n          \u003cxsl:apply-templates select=\"@*\"/\u003e\n          \u003cxsl:attribute name=\"type\"\u003eqemu\u003c/xsl:attribute\u003e\n          \u003cxsl:apply-templates select=\"node()\"/\u003e\n        \u003c/xsl:copy\u003e\n      \u003c/xsl:template\u003e\n      \u003cxsl:template match=\"os/type\"\u003e\n        \u003cxsl:copy\u003e\n          \u003cxsl:attribute name=\"arch\"\u003ex86_64\u003c/xsl:attribute\u003e\n          \u003cxsl:attribute name=\"machine\"\u003epc-q35-6.2\u003c/xsl:attribute\u003e\n          \u003cxsl:value-of select=\".\"/\u003e\n        \u003c/xsl:copy\u003e\n      \u003c/xsl:template\u003e\n      \u003cxsl:template match=\"@*|node()\"\u003e\n        \u003cxsl:copy\u003e\n          \u003cxsl:apply-templates select=\"@*|node()\"/\u003e\n        \u003c/xsl:copy\u003e\n      \u003c/xsl:template\u003e\n    \u003c/xsl:stylesheet\u003e\n"
              }
            ]
          },
          "sensitive_attributes": [],
          "identity_schema_version": 0,
          "private": "eyJlMmJmYjczMC1lY2FhLTExZTYtOGY4OC0zNDM2M2JjN2M0YzAiOnsiY3JlYXRlIjozMDAwMDAwMDAwMDB9fQ=="
        },
        {
          "index_key": 1,
          "schema_version": 0,
          "attributes": {
            "arch": "x86_64",
            "autostart": false,
            "boot_device": [],
            "cloudinit": null,
            "cmdline": null,
            "console": [],
            "coreos_ignition": null,
            "cpu": [
              {
                "mode": "custom"
              }
            ],
            "description": "",
            "disk": [
              {
                "block_device": "",
                "file": "",
                "scsi": false,
                "url": "",
                "volume_id": "/var/lib/libvirt/images/k8s-node-2.qcow2",
                "wwn": ""
              }
            ],
            "emulator": "/usr/bin/qemu-system-x86_64",
            "filesystem": [],
            "firmware": null,
            "fw_cfg_name": "opt/com.coreos/config",
            "graphics": [],
            "id": "d0af5073-67f1-4e4c-99ec-05f5a992a476",
            "initrd": "",
            "kernel": "",
            "machine": "q35",
            "memory": 3072,
            "metadata": null,
            "name": "k8s-node-2",
            "network_interface": [
              {
                "addresses": [],
                "bridge": "",
                "hostname": "k8s-node-2",
                "mac": "52:54:00:AA:AE:DC",
                "macvtap": "",
                "network_id": "33379a1c-ddb7-4d27-86bd-9fdfb728c4e6",
                "network_name": "default",
                "passthrough": "",
                "private": "",
                "vepa": "",
                "wait_for_lease": false
              }
            ],
            "nvram": null,
            "qemu_agent": false,
            "running": true,
            "timeouts": null,
            "tpm": [],
            "type": "kvm",
            "vcpu": 2,
            "video": [],
            "xml": [
              {
                "xslt": "    \u003cxsl:stylesheet version=\"1.0\"\n        xmlns:xsl=\"http://www.w3.org/1999/XSL/Transform\"\u003e\n      \u003cxsl:output method=\"xml\" indent=\"yes\"/\u003e\n      \u003c!-- Cambiamos type y machine --\u003e\n      \u003cxsl:template match=\"domain\"\u003e\n        \u003cxsl:copy\u003e\n          \u003cxsl:apply-templates select=\"@*\"/\u003e\n          \u003cxsl:attribute name=\"type\"\u003eqemu\u003c/xsl:attribute\u003e\n          \u003cxsl:apply-templates select=\"node()\"/\u003e\n        \u003c/xsl:copy\u003e\n      \u003c/xsl:template\u003e\n      \u003cxsl:template match=\"os/type\"\u003e\n        \u003cxsl:copy\u003e\n          \u003cxsl:attribute name=\"arch\"\u003ex86_64\u003c/xsl:attribute\u003e\n          \u003cxsl:attribute name=\"machine\"\u003epc-q35-6.2\u003c/xsl:attribute\u003e\n          \u003cxsl:value-of select=\".\"/\u003e\n        \u003c/xsl:copy\u003e\n      \u003c/xsl:template\u003e\n      \u003cxsl:template match=\"@*|node()\"\u003e\n        \u003cxsl:copy\u003e\n          \u003cxsl:apply-templates select=\"@*|node()\"/\u003e\n        \u003c/xsl:copy\u003e\n      \u003c/xsl:template\u003e\n    \u003c/xsl:stylesheet\u003e\n"
              }
            ]
          },
          "sensitive_attributes": [],
          "identity_schema_version": 0,
          "private": "eyJlMmJmYjczMC1lY2FhLTExZTYtOGY4OC0zNDM2M2JjN2M0YzAiOnsiY3JlYXRlIjozMDAwMDAwMDAwMDB9fQ=="
        },
        {
          "index_key": 2,
          "schema_version": 0,
          "attributes": {
            "arch": "x86_64",
            "autostart": false,
            "boot_device": [],
            "cloudinit": null,
            "cmdline": null,
            "console": [],
            "coreos_ignition": null,
            "cpu": [
              {
                "mode": "custom"
              }
            ],
            "description": "",
            "disk": [
              {
                "block_device": "",
                "file": "",
                "scsi": false,
                "url": "",
                "volume_id": "/var/lib/libvirt/images/k8s-node-3.qcow2",
                "wwn": ""
              }
            ],
            "emulator": "/usr/bin/qemu-system-x86_64",
            "filesystem": [],
            "firmware": null,
            "fw_cfg_name": "opt/com.coreos/config",
            "graphics": [],
            "id": "e8a542ff-0f12-4a3a-98c5-5f5c11ca0e2e",
            "initrd": "",
            "kernel": "",
            "machine": "q35",
            "memory": 3072,
            "metadata": null,
            "name": "k8s-node-3",
            "network_interface": [
              {
                "addresses": [],
                "bridge": "",
                "hostname": "k8s-node-3",
                "mac": "52:54:00:F2:F7:96",
                "macvtap": "",
                "network_id": "33379a1c-ddb7-4d27-86bd-9fdfb728c4e6",
                "network_name": "default",
                "passthrough": "",
                "private": "",
                "vepa": "",
                "wait_for_lease": false
              }
            ],
            "nvram": null,
            "qemu_agent": false,
            "running": true,
            "timeouts": null,
            "tpm": [],
            "type": "kvm",
            "vcpu": 2,
            "video": [],
            "xml": [
              {
                "xslt": "    \u003cxsl:stylesheet version=\"1.0\"\n        xmlns:xsl=\"http://www.w3.org/1999/XSL/Transform\"\u003e\n      \u003cxsl:output method=\"xml\" indent=\"yes\"/\u003e\n      \u003c!-- Cambiamos type y machine --\u003e\n      \u003cxsl:template match=\"domain\"\u003e\n        \u003cxsl:copy\u003e\n          \u003cxsl:apply-templates select=\"@*\"/\u003e\n          \u003cxsl:attribute name=\"type\"\u003eqemu\u003c/xsl:attribute\u003e\n          \u003cxsl:apply-templates select=\"node()\"/\u003e\n        \u003c/xsl:copy\u003e\n      \u003c/xsl:template\u003e\n      \u003cxsl:template match=\"os/type\"\u003e\n        \u003cxsl:copy\u003e\n          \u003cxsl:attribute name=\"arch\"\u003ex86_64\u003c/xsl:attribute\u003e\n          \u003cxsl:attribute name=\"machine\"\u003epc-q35-6.2\u003c/xsl:attribute\u003e\n          \u003cxsl:value-of select=\".\"/\u003e\n        \u003c/xsl:copy\u003e\n      \u003c/xsl:template\u003e\n      \u003cxsl:template match=\"@*|node()\"\u003e\n        \u003cxsl:copy\u003e\n          \u003cxsl:apply-templates select=\"@*|node()\"/\u003e\n        \u003c/xsl:copy\u003e\n      \u003c/xsl:template\u003e\n    \u003c/xsl:stylesheet\u003e\n"
              }
            ]
          },
          "sensitive_attributes": [],
          "identity_schema_version": 0,
          "private": "eyJlMmJmYjczMC1lY2FhLTExZTYtOGY4OC0zNDM2M2JjN2M0YzAiOnsiY3JlYXRlIjozMDAwMDAwMDAwMDB9fQ=="
        }
      ]
    },
    {
      "mode": "managed",
      "type": "libvirt_volume",
      "name": "disk_master",
      "provider": "provider[\"registry.terraform.io/dmacvicar/libvirt\"]",
      "instances": [
        {
          "index_key": 0,
          "schema_version": 0,
          "attributes": {
            "base_volume_id": null,
            "base_volume_name": null,
            "base_volume_pool": null,
            "format": "qcow2",
            "id": "/var/lib/libvirt/images/k8s-master-1.qcow2",
            "name": "k8s-master-1.qcow2",
            "pool": "default",
            "size": 11474836480,
            "source": null,
            "xml": []
          },
          "sensitive_attributes": [],
          "identity_schema_version": 0,
          "private": "bnVsbA=="
        },
        {
          "index_key": 1,
          "schema_version": 0,
          "attributes": {
            "base_volume_id": null,
            "base_volume_name": null,
            "base_volume_pool": null,
            "format": "qcow2",
            "id": "/var/lib/libvirt/images/k8s-master-2.qcow2",
            "name": "k8s-master-2.qcow2",
            "pool": "default",
            "size": 11474836480,
            "source": null,
            "xml": []
          },
          "sensitive_attributes": [],
          "identity_schema_version": 0,
          "private": "bnVsbA=="
        }
      ]
    },
    {
      "mode": "managed",
      "type": "libvirt_volume",
      "name": "disk_node",
      "provider": "provider[\"registry.terraform.io/dmacvicar/libvirt\"]",
      "instances": [
        {
          "index_key": 0,
          "schema_version": 0,
          "attributes": {
            "base_volume_id": null,
            "base_volume_name": null,
            "base_volume_pool": null,
            "format": "qcow2",
            "id": "/var/lib/libvirt/images/k8s-node-1.qcow2",
            "name": "k8s-node-1.qcow2",
            "pool": "default",
            "size": 21474836480,
            "source": null,
            "xml": []
          },
          "sensitive_attributes": [],
          "identity_schema_version": 0,
          "private": "bnVsbA=="
        },
        {
          "index_key": 1,
          "schema_version": 0,
          "attributes": {
            "base_volume_id": null,
            "base_volume_name": null,
            "base_volume_pool": null,
            "format": "qcow2",
            "id": "/var/lib/libvirt/images/k8s-node-2.qcow2",
            "name": "k8s-node-2.qcow2",
            "pool": "default",
            "size": 21474836480,
            "source": null,
            "xml": []
          },
          "sensitive_attributes": [],
          "identity_schema_version": 0,
          "private": "bnVsbA=="
        },
        {
          "index_key": 2,
          "schema_version": 0,
          "attributes": {
            "base_volume_id": null,
            "base_volume_name": null,
            "base_volume_pool": null,
            "format": "qcow2",
            "id": "/var/lib/libvirt/images/k8s-node-3.qcow2",
            "name": "k8s-node-3.qcow2",
            "pool": "default",
            "size": 21474836480,
            "source": null,
            "xml": []
          },
          "sensitive_attributes": [],
          "identity_schema_version": 0,
          "private": "bnVsbA=="
        }
      ]
    }
  ],
  "check_results": null
}
