{
  "version": 4,
  "terraform_version": "1.9.2",
  "serial": 91,
  "lineage": "f8f2161d-3cb2-6911-ff8f-1b6ff3ed1345",
  "outputs": {},
  "resources": [
    {
      "mode": "managed",
      "type": "libvirt_domain",
      "name": "k8s-master-1",
      "provider": "provider[\"registry.terraform.io/dmacvicar/libvirt\"]",
      "instances": [
        {
          "schema_version": 0,
          "attributes": {
            "arch": "x86_64",
            "autostart": false,
            "boot_device": [],
            "cloudinit": null,
            "cmdline": null,
            "console": [],
            "coreos_ignition": null,
            "cpu": [
              {
                "mode": "custom"
              }
            ],
            "description": "",
            "disk": [
              {
                "block_device": "",
                "file": "",
                "scsi": false,
                "url": "",
                "volume_id": "/var/lib/libvirt/images/k8s-master-1.qcow2",
                "wwn": ""
              }
            ],
            "emulator": "/usr/bin/qemu-system-x86_64",
            "filesystem": [],
            "firmware": null,
            "fw_cfg_name": "opt/com.coreos/config",
            "graphics": [],
            "id": "18ad4d7b-979c-4437-8b5b-b8eaede7b395",
            "initrd": "",
            "kernel": "",
            "machine": "q35",
            "memory": 3072,
            "metadata": null,
            "name": "k8s-master-1",
            "network_interface": [
              {
                "addresses": [],
                "bridge": "",
                "hostname": "k8s-master-1",
                "mac": "52:54:00:EE:62:FC",
                "macvtap": "",
                "network_id": "33379a1c-ddb7-4d27-86bd-9fdfb728c4e6",
                "network_name": "default",
                "passthrough": "",
                "private": "",
                "vepa": "",
                "wait_for_lease": false
              }
            ],
            "nvram": null,
            "qemu_agent": false,
            "running": true,
            "timeouts": null,
            "tpm": [],
            "type": "kvm",
            "vcpu": 2,
            "video": [],
            "xml": [
              {
                "xslt": "    \u003cxsl:stylesheet version=\"1.0\"\n        xmlns:xsl=\"http://www.w3.org/1999/XSL/Transform\"\u003e\n      \u003cxsl:output method=\"xml\" indent=\"yes\"/\u003e\n      \u003c!-- Cambiamos type y machine --\u003e\n      \u003cxsl:template match=\"domain\"\u003e\n        \u003cxsl:copy\u003e\n          \u003cxsl:apply-templates select=\"@*\"/\u003e\n          \u003cxsl:attribute name=\"type\"\u003eqemu\u003c/xsl:attribute\u003e\n          \u003cxsl:apply-templates select=\"node()\"/\u003e\n        \u003c/xsl:copy\u003e\n      \u003c/xsl:template\u003e\n      \u003cxsl:template match=\"os/type\"\u003e\n        \u003cxsl:copy\u003e\n          \u003cxsl:attribute name=\"arch\"\u003ex86_64\u003c/xsl:attribute\u003e\n          \u003cxsl:attribute name=\"machine\"\u003epc-q35-6.2\u003c/xsl:attribute\u003e\n          \u003cxsl:value-of select=\".\"/\u003e\n        \u003c/xsl:copy\u003e\n      \u003c/xsl:template\u003e\n      \u003cxsl:template match=\"@*|node()\"\u003e\n        \u003cxsl:copy\u003e\n          \u003cxsl:apply-templates select=\"@*|node()\"/\u003e\n        \u003c/xsl:copy\u003e\n      \u003c/xsl:template\u003e\n    \u003c/xsl:stylesheet\u003e\n"
              }
            ]
          },
          "sensitive_attributes": [],
          "private": "eyJlMmJmYjczMC1lY2FhLTExZTYtOGY4OC0zNDM2M2JjN2M0YzAiOnsiY3JlYXRlIjozMDAwMDAwMDAwMDB9fQ=="
        }
      ]
    },
    {
      "mode": "managed",
      "type": "libvirt_volume",
      "name": "disk_master_1",
      "provider": "provider[\"registry.terraform.io/dmacvicar/libvirt\"]",
      "instances": [
        {
          "schema_version": 0,
          "attributes": {
            "base_volume_id": null,
            "base_volume_name": null,
            "base_volume_pool": null,
            "format": "qcow2",
            "id": "/var/lib/libvirt/images/k8s-master-1.qcow2",
            "name": "k8s-master-1.qcow2",
            "pool": "default",
            "size": 21474836480,
            "source": null,
            "xml": []
          },
          "sensitive_attributes": [],
          "private": "bnVsbA=="
        }
      ]
    }
  ],
  "check_results": null
}
