{
  "version": 4,
  "terraform_version": "1.12.2",
  "serial": 618,
  "lineage": "f8f2161d-3cb2-6911-ff8f-1b6ff3ed1345",
  "outputs": {},
  "resources": [
    {
      "mode": "managed",
      "type": "libvirt_volume",
      "name": "cloudinit_iso",
      "provider": "provider[\"registry.terraform.io/dmacvicar/libvirt\"]",
      "instances": [
        {
          "schema_version": 0,
          "attributes": {
            "base_volume_id": null,
            "base_volume_name": null,
            "base_volume_pool": null,
            "format": "raw",
            "id": "/var/lib/libvirt/images/commoninit.iso",
            "name": "commoninit.iso",
            "pool": "default",
            "size": 1,
            "source": null,
            "xml": []
          },
          "sensitive_attributes": [],
          "identity_schema_version": 0,
          "private": "bnVsbA=="
        }
      ]
    }
  ],
  "check_results": null
}
